
Microsoft Visual Studio Solution File, Format Version 12.00
# Visual Studio Version 17
VisualStudioVersion = 17.8.34330.188
MinimumVisualStudioVersion = 10.0.40219.1
Project("{FAE04EC0-301F-11D3-BF4B-00C04F79EFBC}") = "NDP_ODEV_01_AYSE_TASKAN", "NDP_ODEV_01_AYSE_TASKAN.csproj", "{11B81C35-FAA3-411F-A8CC-8CD99EEEA964}"
EndProject
Global
	GlobalSection(SolutionConfigurationPlatforms) = preSolution
		Debug|Any CPU = Debug|Any CPU
		Release|Any CPU = Release|Any CPU
	EndGlobalSection
	GlobalSection(ProjectConfigurationPlatforms) = postSolution
		{11B81C35-FAA3-411F-A8CC-8CD99EEEA964}.Debug|Any CPU.ActiveCfg = Debug|Any CPU
		{11B81C35-FAA3-411F-A8CC-8CD99EEEA964}.Debug|Any CPU.Build.0 = Debug|Any CPU
		{11B81C35-FAA3-411F-A8CC-8CD99EEEA964}.Release|Any CPU.ActiveCfg = Release|Any CPU
		{11B81C35-FAA3-411F-A8CC-8CD99EEEA964}.Release|Any CPU.Build.0 = Release|Any CPU
	EndGlobalSection
	GlobalSection(SolutionProperties) = preSolution
		HideSolutionNode = FALSE
	EndGlobalSection
	GlobalSection(ExtensibilityGlobals) = postSolution
		SolutionGuid = {16ACCF9E-5800-4031-A13F-E53FB93AE227}
	EndGlobalSection
EndGlobal
